schema: '2.0'
stages:
  split:
    cmd: python src/data/data_split.py
    deps:
    - path: data/raw/raw.csv
      hash: md5
      md5: 617b56af2992376d5c3e91ad80823898
      size: 333757
    - path: src/data/data_split.py
      hash: md5
      md5: c52a6bb42dd909fed2bcec2bef5b06c1
      size: 753
    outs:
    - path: data/processed/X_test.csv
      hash: md5
      md5: b6c2910e3b3fc562c5b516b63fc3e22c
      size: 59909
    - path: data/processed/X_train.csv
      hash: md5
      md5: ef01f67c035349e375300528a99938f5
      size: 238533
    - path: data/processed/y_test.csv
      hash: md5
      md5: a051d29629c8bbb4cfb7e85c7f0315da
      size: 6456
    - path: data/processed/y_train.csv
      hash: md5
      md5: a9cd9d91da89f732843d72548f64ded3
      size: 25951
  normalize:
    cmd: python src/data/normalize.py
    deps:
    - path: data/processed/X_test.csv
      hash: md5
      md5: b6c2910e3b3fc562c5b516b63fc3e22c
      size: 59909
    - path: data/processed/X_train.csv
      hash: md5
      md5: ef01f67c035349e375300528a99938f5
      size: 238533
    - path: data/processed/y_test.csv
      hash: md5
      md5: a051d29629c8bbb4cfb7e85c7f0315da
      size: 6456
    - path: data/processed/y_train.csv
      hash: md5
      md5: a9cd9d91da89f732843d72548f64ded3
      size: 25951
    - path: src/data/normalize.py
      hash: md5
      md5: 69c559c597858ebaa7e58da3fa2858c6
      size: 1112
    outs:
    - path: data/normalized/X_test.csv
      hash: md5
      md5: 5e079189af6bd091d651a89fafb1c290
      size: 57026
    - path: data/normalized/X_train.csv
      hash: md5
      md5: c1b80eb7f083888b625dd0369cf381f8
      size: 227497
    - path: data/normalized/y_test.csv
      hash: md5
      md5: 70968fa4615f00f21dcc604a25be2da3
      size: 6452
    - path: data/normalized/y_train.csv
      hash: md5
      md5: 5f8aa77e7118c62359074ed355041f85
      size: 25946
  train:
    cmd: python src/models/training.py
    deps:
    - path: data/normalized/X_test.csv
      hash: md5
      md5: 5e079189af6bd091d651a89fafb1c290
      size: 57026
    - path: data/normalized/X_train.csv
      hash: md5
      md5: c1b80eb7f083888b625dd0369cf381f8
      size: 227497
    - path: data/normalized/y_test.csv
      hash: md5
      md5: 70968fa4615f00f21dcc604a25be2da3
      size: 6452
    - path: data/normalized/y_train.csv
      hash: md5
      md5: 5f8aa77e7118c62359074ed355041f85
      size: 25946
    - path: models/best_params.pkl
      hash: md5
      md5: d67b735aa0bc05164158f5d9e7e93900
      size: 89
    outs:
    - path: models/model.joblib
      hash: md5
      md5: 422a1e85d94c0067499df3b60ae6de29
      size: 4754833
  grid_search:
    cmd: python src/models/grid_search.py
    deps:
    - path: data/normalized/X_train.csv
      hash: md5
      md5: c1b80eb7f083888b625dd0369cf381f8
      size: 227497
    - path: data/normalized/y_train.csv
      hash: md5
      md5: 5f8aa77e7118c62359074ed355041f85
      size: 25946
    outs:
    - path: models/best_params.pkl
      hash: md5
      md5: d67b735aa0bc05164158f5d9e7e93900
      size: 89
  evaluate:
    cmd: python src/models/evaluate.py
    deps:
    - path: data/normalized/X_test.csv
      hash: md5
      md5: 5e079189af6bd091d651a89fafb1c290
      size: 57026
    - path: data/normalized/y_test.csv
      hash: md5
      md5: 70968fa4615f00f21dcc604a25be2da3
      size: 6452
    - path: models/model.joblib
      hash: md5
      md5: 422a1e85d94c0067499df3b60ae6de29
      size: 4754833
    outs:
    - path: data/predictions/predictions.csv
      hash: md5
      md5: 8e6ce25922828979513b5c2187b48dad
      size: 13189
    - path: metrics/scores.json
      hash: md5
      md5: 53b8e4383b4988929af48a184a56335d
      size: 54
